{
  "nodes": {
    "ai-usage": {
      "inputs": {
        "nixpkgs": [
          "nixpkgs"
        ]
      },
      "locked": {
        "lastModified": 1789934878,
        "narHash": "sha256-+7JsGcoms3u4S+CTn/c0LpYTlW2P1WizwyPU3ThMR0k=",
        "owner": "Muddyblack",
        "repo": "ai-usage-widget",
        "rev": "92ea5c9587efd4a87a94b5686f16cb4b5d77a0b8",
        "type": "github"
      },
      "original": {
        "owner": "Muddyblack",
        "repo": "ai-usage-widget",
        "type": "github"
      }
    },
    "antigravity-nix": {
      "inputs": {
        "flake-utils": "flake-utils",
        "nixpkgs": [
          "nixpkgs"
        ]
      },
      "locked": {
        "lastModified": 1789975565,
        "narHash": "sha256-PcrCo1R94xt6t2PcdZRwrZHXnQfCizdZTJZl+pRsXw8=",
        "owner": "jacopone",
        "repo": "antigravity-nix",
        "rev": "9c394cf29f2424e8d4168da91349cbc8ddeaedca",
        "type": "github"
      },
      "original": {
        "owner": "jacopone",
        "repo": "antigravity-nix",
        "type": "github"
      }
    },
    "caelestia-cli": {
      "inputs": {
        "caelestia-shell": [
          "caelestia-shell"
        ],
        "nixpkgs": [
          "caelestia-shell",
          "nixpkgs"
        ]
      },
      "locked": {
        "lastModified": 1789791029,
        "narHash": "sha256-Zdq+9O6+vyefqCusS9gGHaaFqbR6cRNcZJ1c/OkHaic=",
        "owner": "caelestia-dots",
        "repo": "cli",
        "rev": "0cd3a819638846623d4c923fd7a5f5fc5972a7d0",
        "type": "github"
      },
      "original": {
        "owner": "caelestia-dots",
        "repo": "cli",
        "type": "github"
      }
    },
    "caelestia-shell": {
      "inputs": {
        "caelestia-cli": "caelestia-cli",
        "m3shapes": "m3shapes",
        "nixpkgs": [
          "nixpkgs"
        ],
        "quickshell": []
      },
      "locked": {
        "lastModified": 1789883688,
        "narHash": "sha256-aqL6V2OAnojfKZA3710jROb1eqbrXpMzDFOqhYFemlQ=",
        "owner": "caelestia-dots",
        "repo": "shell",
        "rev": "20e625d6bf1a9d0bb7625a4bb814797d187b075d",
        "type": "github"
      },
      "original": {
        "owner": "caelestia-dots",
        "repo": "shell",
        "type": "github"
      }
    },
    "cosmic-manager": {
      "inputs": {
        "flake-parts": "flake-parts",
        "home-manager": [
          "home-manager"
        ],
        "nixpkgs": [
          "nixpkgs"
        ]
      },
      "locked": {
        "lastModified": 1780178896,
        "narHash": "sha256-98aHwiGZcvb0VJUGE+lCS/zuGdFAlNvm8keIimuLOK0=",
        "owner": "HeitorAugustoLN",
        "repo": "cosmic-manager",
        "rev": "1630bbf792a95baffbd3169885580cd53a7027d8",
        "type": "github"
      },
      "original": {
        "owner": "HeitorAugustoLN",
        "repo": "cosmic-manager",
        "type": "github"
      }
    },
    "disko": {
      "inputs": {
        "nixpkgs": [
          "nixpkgs"
        ]
      },
      "locked": {
        "lastModified": 1789770686,
        "narHash": "sha256-uZkBR7yHdIKUFB5SZdfgh1qkGfI3XmYmI/lTiquxbck=",
        "owner": "nix-community",
        "repo": "disko",
        "rev": "725ea35e410ad83be4931d1bff7e090eacaf3563",
        "type": "github"
      },
      "original": {
        "owner": "nix-community",
        "repo": "disko",
        "type": "github"
      }
    },
    "flake-compat": {
      "flake": false,
      "locked": {
        "lastModified": 1767039857,
        "narHash": "sha256-vNpUSpF5Nuw8xvDLj2KCwwksIbjua2LZCqhV1LNRDns=",
        "owner": "NixOS",
        "repo": "flake-compat",
        "rev": "5edf11c44bc78a0d334f6334cdaf7d60d732daab",
        "type": "github"
      },
      "original": {
        "owner": "NixOS",
        "repo": "flake-compat",
        "type": "github"
      }
    },
    "flake-parts": {
      "inputs": {
        "nixpkgs-lib": [
          "cosmic-manager",
          "nixpkgs"
        ]
      },
      "locked": {
        "lastModified": 1759362264,
        "narHash": "sha256-wfG0S7pltlYyZTM+qqlhJ7GMw2fTF4mLKCIVhLii/4M=",
        "owner": "hercules-ci",
        "repo": "flake-parts",
        "rev": "758cf7296bee11f1706a574c77d072b8a7baa881",
        "type": "github"
      },
      "original": {
        "owner": "hercules-ci",
        "repo": "flake-parts",
        "type": "github"
      }
    },
    "flake-parts_2": {
      "inputs": {
        "nixpkgs-lib": "nixpkgs-lib"
      },
      "locked": {
        "lastModified": 1788450739,
        "narHash": "sha256-glZLQlzIn1fXH6PazR2iUmTo7kzzyYSshrWhLS9TqCU=",
        "owner": "hercules-ci",
        "repo": "flake-parts",
        "rev": "31729ca8cbdb4fa927b34e5f4353e6a83f39e993",
        "type": "github"
      },
      "original": {
        "owner": "hercules-ci",
        "repo": "flake-parts",
        "type": "github"
      }
    },
    "flake-utils": {
      "inputs": {
        "systems": "systems"
      },
      "locked": {
        "lastModified": 1731533236,
        "narHash": "sha256-l0KFg5HjrsfsO/JpG+r7fRrqm12kzFHyUHqHCVpMMbI=",
        "owner": "numtide",
        "repo": "flake-utils",
        "rev": "11707dc2f618dd54ca8739b309ec4fc024de578b",
        "type": "github"
      },
      "original": {
        "owner": "numtide",
        "repo": "flake-utils",
        "type": "github"
      }
    },
    "gitpulse": {
      "inputs": {
        "nixpkgs": [
          "nixpkgs"
        ]
      },
      "locked": {
        "lastModified": 1789901253,
        "narHash": "sha256-wAUPHP5Ne8Ekj9eJ/YBfDKz1tyHzjUd8orJxghdrn6o=",
        "owner": "Muddyblack",
        "repo": "kde-gitpulse",
        "rev": "eb475dee306457ca754b7cfb0dc27c164dc1456f",
        "type": "github"
      },
      "original": {
        "owner": "Muddyblack",
        "repo": "kde-gitpulse",
        "type": "github"
      }
    },
    "glassy-system-monitor": {
      "inputs": {
        "nixpkgs": [
          "nixpkgs"
        ]
      },
      "locked": {
        "lastModified": 1789901221,
        "narHash": "sha256-E1+aSmo6k6sQkfPrmL9j2ma/jGQgNqf7gzEEwMSIWb0=",
        "owner": "Muddyblack",
        "repo": "kde-glassy-system-monitor",
        "rev": "be4c358a853276077f27203323cc8cda1284188f",
        "type": "github"
      },
      "original": {
        "owner": "Muddyblack",
        "repo": "kde-glassy-system-monitor",
        "type": "github"
      }
    },
    "home-manager": {
      "inputs": {
        "nixpkgs": [
          "nixpkgs"
        ]
      },
      "locked": {
        "lastModified": 1789267039,
        "narHash": "sha256-LWiBv9yAYFi2LPbUhDGHPGKYskJQjj2fw12OlyO1uQo=",
        "owner": "nix-community",
        "repo": "home-manager",
        "rev": "ec172013fa62135f58fb58dd17ae9651e8f39727",
        "type": "github"
      },
      "original": {
        "owner": "nix-community",
        "ref": "release-26.05",
        "repo": "home-manager",
        "type": "github"
      }
    },
    "impermanence": {
      "inputs": {
        "home-manager": [
          "home-manager"
        ],
        "nixpkgs": [
          "nixpkgs"
        ]
      },
      "locked": {
        "lastModified": 1769548169,
        "narHash": "sha256-03+JxvzmfwRu+5JafM0DLbxgHttOQZkUtDWBmeUkN8Y=",
        "owner": "nix-community",
        "repo": "impermanence",
        "rev": "7b1d382faf603b6d264f58627330f9faa5cba149",
        "type": "github"
      },
      "original": {
        "owner": "nix-community",
        "repo": "impermanence",
        "type": "github"
      }
    },
    "m3shapes": {
      "inputs": {
        "nixpkgs": [
          "caelestia-shell",
          "nixpkgs"
        ]
      },
      "locked": {
        "lastModified": 1787906858,
        "narHash": "sha256-YZelgEZflFNwGutX4/tIzBdbOeghJgE2oDw0uWYGxns=",
        "owner": "soramanew",
        "repo": "m3shapes",
        "rev": "32ad9ce328bb77ed349b40a3be10ee9ea610b8ab",
        "type": "github"
      },
      "original": {
        "owner": "soramanew",
        "repo": "m3shapes",
        "rev": "32ad9ce328bb77ed349b40a3be10ee9ea610b8ab",
        "type": "github"
      }
    },
    "nix-cachyos-kernel": {
      "inputs": {
        "flake-compat": "flake-compat",
        "flake-parts": "flake-parts_2",
        "nixpkgs": "nixpkgs"
      },
      "locked": {
        "lastModified": 1789241994,
        "narHash": "sha256-kY+k8kGBd8w4kxrw8IPzQGpnYZQV4mik2ZNHtGN0eHI=",
        "owner": "xddxdd",
        "repo": "nix-cachyos-kernel",
        "rev": "444d135dde71c1de547cf7bfd73e67145e67aebb",
        "type": "github"
      },
      "original": {
        "owner": "xddxdd",
        "ref": "release",
        "repo": "nix-cachyos-kernel",
        "type": "github"
      }
    },
    "nix-flatpak": {
      "locked": {
        "lastModified": 1789496567,
        "narHash": "sha256-f9ze1ph2u0lk/Hm7/w/OvC0ESL1z0LbQ5UDgcOwQzLM=",
        "owner": "gmodena",
        "repo": "nix-flatpak",
        "rev": "07e8980c2fe421c93c0749f6246db34422827f67",
        "type": "github"
      },
      "original": {
        "owner": "gmodena",
        "repo": "nix-flatpak",
        "type": "github"
      }
    },
    "nixdatifier": {
      "inputs": {
        "nixpkgs": [
          "nixpkgs"
        ]
      },
      "locked": {
        "lastModified": 1789901238,
        "narHash": "sha256-1XhuF6D3qhs1SylFbhlRz0gDh48OU4x7aAyuqdYXqq0=",
        "owner": "Muddyblack",
        "repo": "kde-nixdatifier",
        "rev": "20b9ac11e94dd3a93d665f607c869eba17670b66",
        "type": "github"
      },
      "original": {
        "owner": "Muddyblack",
        "repo": "kde-nixdatifier",
        "type": "github"
      }
    },
    "nixpkgs": {
      "locked": {
        "lastModified": 1789181251,
        "narHash": "sha256-8yaO1XLoObzYgb6Uj+0IkUxbkCI6kBLuImoZAuAHzB4=",
        "owner": "NixOS",
        "repo": "nixpkgs",
        "rev": "f496248152e1ad8c61b59a6739cc499b447168e4",
        "type": "github"
      },
      "original": {
        "owner": "NixOS",
        "ref": "nixos-unstable-small",
        "repo": "nixpkgs",
        "type": "github"
      }
    },
    "nixpkgs-lib": {
      "locked": {
        "lastModified": 1788057806,
        "narHash": "sha256-DTQSMxzDWmT0zhguthvegnVkn7CFqGCv4IHCzk5ZUpM=",
        "owner": "nix-community",
        "repo": "nixpkgs.lib",
        "rev": "596e2e3940e09b2abbeb03f75fa1828c57fcd72c",
        "type": "github"
      },
      "original": {
        "owner": "nix-community",
        "repo": "nixpkgs.lib",
        "type": "github"
      }
    },
    "nixpkgs-unstable": {
      "locked": {
        "lastModified": 1789785513,
        "narHash": "sha256-B44WL6h0XoLjJ41bUPJk0X5SDinLCII//6EcBLXKiJ0=",
        "owner": "nixos",
        "repo": "nixpkgs",
        "rev": "20b1ddd1aa5ace70c9468305030aa4f9ef79671b",
        "type": "github"
      },
      "original": {
        "owner": "nixos",
        "ref": "nixos-unstable",
        "repo": "nixpkgs",
        "type": "github"
      }
    },
    "nixpkgs_2": {
      "locked": {
        "lastModified": 1789885152,
        "narHash": "sha256-mDNo95riUw8k0MA2Btzj/OuiMcfLKofqIliLYsLbrSY=",
        "owner": "nixos",
        "repo": "nixpkgs",
        "rev": "6d663c0533ff269008fb84e45930151e37c99db9",
        "type": "github"
      },
      "original": {
        "owner": "nixos",
        "ref": "nixos-26.05",
        "repo": "nixpkgs",
        "type": "github"
      }
    },
    "plasma-audio-visualizer": {
      "inputs": {
        "nixpkgs": [
          "nixpkgs"
        ]
      },
      "locked": {
        "lastModified": 1789473338,
        "narHash": "sha256-MTkTIF0PlaWQ/pD+1xqEOpon+GUqyO2PPAV7sPXTavE=",
        "owner": "Muddyblack",
        "repo": "audio-wave-visualizer",
        "rev": "b6cd722c40beea5cb0194017f43824d0220d92cb",
        "type": "github"
      },
      "original": {
        "owner": "Muddyblack",
        "repo": "audio-wave-visualizer",
        "type": "github"
      }
    },
    "plasma-manager": {
      "inputs": {
        "home-manager": [
          "home-manager"
        ],
        "nixpkgs": [
          "nixpkgs"
        ]
      },
      "locked": {
        "lastModified": 1785762349,
        "narHash": "sha256-jZhZkzAwc7f3exzcTDJWP2WCAchCv0iNC3UF/QsahdQ=",
        "owner": "nix-community",
        "repo": "plasma-manager",
        "rev": "a19a2a029fa180911bd89c554dca1616e10f4c1d",
        "type": "github"
      },
      "original": {
        "owner": "nix-community",
        "repo": "plasma-manager",
        "type": "github"
      }
    },
    "root": {
      "inputs": {
        "ai-usage": "ai-usage",
        "antigravity-nix": "antigravity-nix",
        "caelestia-shell": "caelestia-shell",
        "cosmic-manager": "cosmic-manager",
        "disko": "disko",
        "gitpulse": "gitpulse",
        "glassy-system-monitor": "glassy-system-monitor",
        "home-manager": "home-manager",
        "impermanence": "impermanence",
        "nix-cachyos-kernel": "nix-cachyos-kernel",
        "nix-flatpak": "nix-flatpak",
        "nixdatifier": "nixdatifier",
        "nixpkgs": "nixpkgs_2",
        "nixpkgs-unstable": "nixpkgs-unstable",
        "plasma-audio-visualizer": "plasma-audio-visualizer",
        "plasma-manager": "plasma-manager",
        "sops-nix": "sops-nix",
        "tagesschau-widget": "tagesschau-widget",
        "zen-browser": "zen-browser"
      }
    },
    "sops-nix": {
      "inputs": {
        "nixpkgs": [
          "nixpkgs"
        ]
      },
      "locked": {
        "lastModified": 1789890976,
        "narHash": "sha256-GKwH3zpy7tartuJMG0Rv/xUsdetG1QLmTVv8UKgJLmA=",
        "owner": "Mic92",
        "repo": "sops-nix",
        "rev": "7214124c20c1542c90deb54af50e2f53ae02711f",
        "type": "github"
      },
      "original": {
        "owner": "Mic92",
        "repo": "sops-nix",
        "type": "github"
      }
    },
    "systems": {
      "locked": {
        "lastModified": 1681028828,
        "narHash": "sha256-Vy1rq5AaRuLzOxct8nz4T6wlgyUR7zLU309k9mBC768=",
        "owner": "nix-systems",
        "repo": "default",
        "rev": "da67096a3b9bf56a91d16901293e51ba5b49a27e",
        "type": "github"
      },
      "original": {
        "owner": "nix-systems",
        "repo": "default",
        "type": "github"
      }
    },
    "tagesschau-widget": {
      "inputs": {
        "nixpkgs": [
          "nixpkgs"
        ]
      },
      "locked": {
        "lastModified": 1789901208,
        "narHash": "sha256-7Xl8Qj5Wyj5m/4nzwJM2B3XeLc4KrWcggbGBzDn8Nys=",
        "owner": "Muddyblack",
        "repo": "kde-tagesschau-rss-widget",
        "rev": "f4096af04546fe8f50eceab815d816da443dd3d6",
        "type": "github"
      },
      "original": {
        "owner": "Muddyblack",
        "repo": "kde-tagesschau-rss-widget",
        "type": "github"
      }
    },
    "zen-browser": {
      "inputs": {
        "nixpkgs": [
          "nixpkgs"
        ]
      },
      "locked": {
        "lastModified": 1789636270,
        "narHash": "sha256-sexm8hHHB2jOB/G70czjQxdxeX68zID6G1BomFIGI+w=",
        "owner": "youwen5",
        "repo": "zen-browser-flake",
        "rev": "9c1767f705262bf08498877fd1053b6a6db12a9f",
        "type": "github"
      },
      "original": {
        "owner": "youwen5",
        "repo": "zen-browser-flake",
        "type": "github"
      }
    }
  },
  "root": "root",
  "version": 7
}
